
Microsoft Visual Studio Solution File, Format Version 11.00
# Visual Studio 2010
Project("{FAE04EC0-301F-11D3-BF4B-00C04F79EFBC}") = "Ceilingfish.Pictur.Core", "Ceilingfish.Pictur.Core\Ceilingfish.Pictur.Core.csproj", "{E1DBFAD1-7F73-4FB7-AD47-D63BF73CA9E7}"
EndProject
Project("{FAE04EC0-301F-11D3-BF4B-00C04F79EFBC}") = "Ceilingfish.Pictur.Facebook", "Ceilingfish.Pictur.Facebook\Ceilingfish.Pictur.Facebook.csproj", "{C0587E54-EF4B-46E6-A7CC-419B96E8DF88}"
EndProject
Global
	GlobalSection(SolutionConfigurationPlatforms) = preSolution
		Debug|Any CPU = Debug|Any CPU
		Debug|Mixed Platforms = Debug|Mixed Platforms
		Debug|x86 = Debug|x86
		Release|Any CPU = Release|Any CPU
		Release|Mixed Platforms = Release|Mixed Platforms
		Release|x86 = Release|x86
	EndGlobalSection
	GlobalSection(ProjectConfigurationPlatforms) = postSolution
		{E1DBFAD1-7F73-4FB7-AD47-D63BF73CA9E7}.Debug|Any CPU.ActiveCfg = Debug|Any CPU
		{E1DBFAD1-7F73-4FB7-AD47-D63BF73CA9E7}.Debug|Any CPU.Build.0 = Debug|Any CPU
		{E1DBFAD1-7F73-4FB7-AD47-D63BF73CA9E7}.Debug|Mixed Platforms.ActiveCfg = Debug|Any CPU
		{E1DBFAD1-7F73-4FB7-AD47-D63BF73CA9E7}.Debug|Mixed Platforms.Build.0 = Debug|Any CPU
		{E1DBFAD1-7F73-4FB7-AD47-D63BF73CA9E7}.Debug|x86.ActiveCfg = Debug|Any CPU
		{E1DBFAD1-7F73-4FB7-AD47-D63BF73CA9E7}.Release|Any CPU.ActiveCfg = Release|Any CPU
		{E1DBFAD1-7F73-4FB7-AD47-D63BF73CA9E7}.Release|Any CPU.Build.0 = Release|Any CPU
		{E1DBFAD1-7F73-4FB7-AD47-D63BF73CA9E7}.Release|Mixed Platforms.ActiveCfg = Release|Any CPU
		{E1DBFAD1-7F73-4FB7-AD47-D63BF73CA9E7}.Release|Mixed Platforms.Build.0 = Release|Any CPU
		{E1DBFAD1-7F73-4FB7-AD47-D63BF73CA9E7}.Release|x86.ActiveCfg = Release|Any CPU
		{C0587E54-EF4B-46E6-A7CC-419B96E8DF88}.Debug|Any CPU.ActiveCfg = Debug|x86
		{C0587E54-EF4B-46E6-A7CC-419B96E8DF88}.Debug|Mixed Platforms.ActiveCfg = Debug|x86
		{C0587E54-EF4B-46E6-A7CC-419B96E8DF88}.Debug|Mixed Platforms.Build.0 = Debug|x86
		{C0587E54-EF4B-46E6-A7CC-419B96E8DF88}.Debug|x86.ActiveCfg = Debug|x86
		{C0587E54-EF4B-46E6-A7CC-419B96E8DF88}.Debug|x86.Build.0 = Debug|x86
		{C0587E54-EF4B-46E6-A7CC-419B96E8DF88}.Release|Any CPU.ActiveCfg = Release|x86
		{C0587E54-EF4B-46E6-A7CC-419B96E8DF88}.Release|Mixed Platforms.ActiveCfg = Release|x86
		{C0587E54-EF4B-46E6-A7CC-419B96E8DF88}.Release|Mixed Platforms.Build.0 = Release|x86
		{C0587E54-EF4B-46E6-A7CC-419B96E8DF88}.Release|x86.ActiveCfg = Release|x86
		{C0587E54-EF4B-46E6-A7CC-419B96E8DF88}.Release|x86.Build.0 = Release|x86
	EndGlobalSection
	GlobalSection(SolutionProperties) = preSolution
		HideSolutionNode = FALSE
	EndGlobalSection
EndGlobal
