
Microsoft Visual Studio Solution File, Format Version 12.00
# Visual Studio 2013
VisualStudioVersion = 12.0.31101.0
MinimumVisualStudioVersion = 10.0.40219.1
Project("{FAE04EC0-301F-11D3-BF4B-00C04F79EFBC}") = "Ceilingfish.Pictur.Core", "Ceilingfish.Pictur.Core\Ceilingfish.Pictur.Core.csproj", "{E1DBFAD1-7F73-4FB7-AD47-D63BF73CA9E7}"
EndProject
Project("{FAE04EC0-301F-11D3-BF4B-00C04F79EFBC}") = "Ceilingfish.Pictur.Core.Tests", "Ceilingfish.Pictur.Core.Tests\Ceilingfish.Pictur.Core.Tests.csproj", "{4E91AE43-2B3D-4B8F-AA36-A9FD902B64E3}"
EndProject
Project("{2150E333-8FDC-42A3-9474-1A3956D46DE8}") = "Solution Items", "Solution Items", "{A1D4C7E7-105E-43E2-87BC-A95B7FC0B24B}"
	ProjectSection(SolutionItems) = preProject
		Ceilingfish.Pictur.vsmdi = Ceilingfish.Pictur.vsmdi
		Local.testsettings = Local.testsettings
	EndProjectSection
EndProject
Project("{FAE04EC0-301F-11D3-BF4B-00C04F79EFBC}") = "Ceilingfish.Pictur.Service", "Ceilingfish.Pictur.Service\Ceilingfish.Pictur.Service.csproj", "{48E8BDC5-6E03-489F-810B-C75349B26488}"
EndProject
Project("{FAE04EC0-301F-11D3-BF4B-00C04F79EFBC}") = "Ceilingfish.Pictur.Uploader.Desktop", "Ceilingfish.Pictur.Uploader.Desktop\Ceilingfish.Pictur.Uploader.Desktop.csproj", "{4984D826-E6FA-40F3-9622-F0B3DDD5C630}"
EndProject
Global
	GlobalSection(SolutionConfigurationPlatforms) = preSolution
		Debug|Any CPU = Debug|Any CPU
		Release|Any CPU = Release|Any CPU
	EndGlobalSection
	GlobalSection(ProjectConfigurationPlatforms) = postSolution
		{E1DBFAD1-7F73-4FB7-AD47-D63BF73CA9E7}.Debug|Any CPU.ActiveCfg = Debug|Any CPU
		{E1DBFAD1-7F73-4FB7-AD47-D63BF73CA9E7}.Debug|Any CPU.Build.0 = Debug|Any CPU
		{E1DBFAD1-7F73-4FB7-AD47-D63BF73CA9E7}.Release|Any CPU.ActiveCfg = Release|Any CPU
		{E1DBFAD1-7F73-4FB7-AD47-D63BF73CA9E7}.Release|Any CPU.Build.0 = Release|Any CPU
		{4E91AE43-2B3D-4B8F-AA36-A9FD902B64E3}.Debug|Any CPU.ActiveCfg = Debug|Any CPU
		{4E91AE43-2B3D-4B8F-AA36-A9FD902B64E3}.Debug|Any CPU.Build.0 = Debug|Any CPU
		{4E91AE43-2B3D-4B8F-AA36-A9FD902B64E3}.Release|Any CPU.ActiveCfg = Release|Any CPU
		{4E91AE43-2B3D-4B8F-AA36-A9FD902B64E3}.Release|Any CPU.Build.0 = Release|Any CPU
		{48E8BDC5-6E03-489F-810B-C75349B26488}.Debug|Any CPU.ActiveCfg = Debug|Any CPU
		{48E8BDC5-6E03-489F-810B-C75349B26488}.Debug|Any CPU.Build.0 = Debug|Any CPU
		{48E8BDC5-6E03-489F-810B-C75349B26488}.Release|Any CPU.ActiveCfg = Release|Any CPU
		{48E8BDC5-6E03-489F-810B-C75349B26488}.Release|Any CPU.Build.0 = Release|Any CPU
		{4984D826-E6FA-40F3-9622-F0B3DDD5C630}.Debug|Any CPU.ActiveCfg = Debug|Any CPU
		{4984D826-E6FA-40F3-9622-F0B3DDD5C630}.Debug|Any CPU.Build.0 = Debug|Any CPU
		{4984D826-E6FA-40F3-9622-F0B3DDD5C630}.Release|Any CPU.ActiveCfg = Release|Any CPU
		{4984D826-E6FA-40F3-9622-F0B3DDD5C630}.Release|Any CPU.Build.0 = Release|Any CPU
	EndGlobalSection
	GlobalSection(SolutionProperties) = preSolution
		HideSolutionNode = FALSE
	EndGlobalSection
	GlobalSection(TestCaseManagementSettings) = postSolution
		CategoryFile = Ceilingfish.Pictur.vsmdi
	EndGlobalSection
EndGlobal
