
Microsoft Visual Studio Solution File, Format Version 11.00
# Visual Studio 2010
Project("{FAE04EC0-301F-11D3-BF4B-00C04F79EFBC}") = "Net.Ceilingfish.FacebookUploader.Authentication", "Net.Ceilingfish.FacebookUploader.Authentication\Net.Ceilingfish.FacebookUploader.Authentication.csproj", "{ABC856A5-EB4C-491C-8898-399E5EBED5C7}"
EndProject
Project("{FAE04EC0-301F-11D3-BF4B-00C04F79EFBC}") = "Net.Ceilingfish.FacebookUploader.Constants", "Net.Ceilingfish.FacebookUploader.Constants\Net.Ceilingfish.FacebookUploader.Constants.csproj", "{56D3578D-0F73-4135-BAC0-C307786966C1}"
EndProject
Project("{FAE04EC0-301F-11D3-BF4B-00C04F79EFBC}") = "Net.Ceilingfish.FacebookUploader.Core", "Net.Ceilingfish.FacebookUploader.Core\Net.Ceilingfish.FacebookUploader.Core.csproj", "{E1DBFAD1-7F73-4FB7-AD47-D63BF73CA9E7}"
EndProject
Project("{54435603-DBB4-11D2-8724-00A0C9A8B90C}") = "Net.Ceilingfish.FacebookUploader.Installer", "Net.Ceilingfish.FacebookUploader.Installer\Net.Ceilingfish.FacebookUploader.Installer.vdproj", "{A73526E3-A600-450E-83C5-79E58ECA86DF}"
EndProject
Project("{FAE04EC0-301F-11D3-BF4B-00C04F79EFBC}") = "Net.Ceilingfish.FacebookUploader.Service", "Net.Ceilingfish.FacebookUploader.Service\Net.Ceilingfish.FacebookUploader.Service.csproj", "{A409C33A-6804-4E15-B9A0-64277E8231EA}"
EndProject
Global
	GlobalSection(SolutionConfigurationPlatforms) = preSolution
		Debug|Any CPU = Debug|Any CPU
		Debug|Mixed Platforms = Debug|Mixed Platforms
		Debug|x86 = Debug|x86
		Release|Any CPU = Release|Any CPU
		Release|Mixed Platforms = Release|Mixed Platforms
		Release|x86 = Release|x86
	EndGlobalSection
	GlobalSection(ProjectConfigurationPlatforms) = postSolution
		{ABC856A5-EB4C-491C-8898-399E5EBED5C7}.Debug|Any CPU.ActiveCfg = Debug|x86
		{ABC856A5-EB4C-491C-8898-399E5EBED5C7}.Debug|Mixed Platforms.ActiveCfg = Debug|x86
		{ABC856A5-EB4C-491C-8898-399E5EBED5C7}.Debug|Mixed Platforms.Build.0 = Debug|x86
		{ABC856A5-EB4C-491C-8898-399E5EBED5C7}.Debug|x86.ActiveCfg = Debug|x86
		{ABC856A5-EB4C-491C-8898-399E5EBED5C7}.Debug|x86.Build.0 = Debug|x86
		{ABC856A5-EB4C-491C-8898-399E5EBED5C7}.Release|Any CPU.ActiveCfg = Release|x86
		{ABC856A5-EB4C-491C-8898-399E5EBED5C7}.Release|Mixed Platforms.ActiveCfg = Release|x86
		{ABC856A5-EB4C-491C-8898-399E5EBED5C7}.Release|Mixed Platforms.Build.0 = Release|x86
		{ABC856A5-EB4C-491C-8898-399E5EBED5C7}.Release|x86.ActiveCfg = Release|x86
		{ABC856A5-EB4C-491C-8898-399E5EBED5C7}.Release|x86.Build.0 = Release|x86
		{56D3578D-0F73-4135-BAC0-C307786966C1}.Debug|Any CPU.ActiveCfg = Debug|Any CPU
		{56D3578D-0F73-4135-BAC0-C307786966C1}.Debug|Any CPU.Build.0 = Debug|Any CPU
		{56D3578D-0F73-4135-BAC0-C307786966C1}.Debug|Mixed Platforms.ActiveCfg = Debug|Any CPU
		{56D3578D-0F73-4135-BAC0-C307786966C1}.Debug|Mixed Platforms.Build.0 = Debug|Any CPU
		{56D3578D-0F73-4135-BAC0-C307786966C1}.Debug|x86.ActiveCfg = Debug|Any CPU
		{56D3578D-0F73-4135-BAC0-C307786966C1}.Release|Any CPU.ActiveCfg = Release|Any CPU
		{56D3578D-0F73-4135-BAC0-C307786966C1}.Release|Any CPU.Build.0 = Release|Any CPU
		{56D3578D-0F73-4135-BAC0-C307786966C1}.Release|Mixed Platforms.ActiveCfg = Release|Any CPU
		{56D3578D-0F73-4135-BAC0-C307786966C1}.Release|Mixed Platforms.Build.0 = Release|Any CPU
		{56D3578D-0F73-4135-BAC0-C307786966C1}.Release|x86.ActiveCfg = Release|Any CPU
		{E1DBFAD1-7F73-4FB7-AD47-D63BF73CA9E7}.Debug|Any CPU.ActiveCfg = Debug|Any CPU
		{E1DBFAD1-7F73-4FB7-AD47-D63BF73CA9E7}.Debug|Any CPU.Build.0 = Debug|Any CPU
		{E1DBFAD1-7F73-4FB7-AD47-D63BF73CA9E7}.Debug|Mixed Platforms.ActiveCfg = Debug|Any CPU
		{E1DBFAD1-7F73-4FB7-AD47-D63BF73CA9E7}.Debug|Mixed Platforms.Build.0 = Debug|Any CPU
		{E1DBFAD1-7F73-4FB7-AD47-D63BF73CA9E7}.Debug|x86.ActiveCfg = Debug|Any CPU
		{E1DBFAD1-7F73-4FB7-AD47-D63BF73CA9E7}.Release|Any CPU.ActiveCfg = Release|Any CPU
		{E1DBFAD1-7F73-4FB7-AD47-D63BF73CA9E7}.Release|Any CPU.Build.0 = Release|Any CPU
		{E1DBFAD1-7F73-4FB7-AD47-D63BF73CA9E7}.Release|Mixed Platforms.ActiveCfg = Release|Any CPU
		{E1DBFAD1-7F73-4FB7-AD47-D63BF73CA9E7}.Release|Mixed Platforms.Build.0 = Release|Any CPU
		{E1DBFAD1-7F73-4FB7-AD47-D63BF73CA9E7}.Release|x86.ActiveCfg = Release|Any CPU
		{A73526E3-A600-450E-83C5-79E58ECA86DF}.Debug|Any CPU.ActiveCfg = Debug
		{A73526E3-A600-450E-83C5-79E58ECA86DF}.Debug|Mixed Platforms.ActiveCfg = Debug
		{A73526E3-A600-450E-83C5-79E58ECA86DF}.Debug|x86.ActiveCfg = Debug
		{A73526E3-A600-450E-83C5-79E58ECA86DF}.Release|Any CPU.ActiveCfg = Release
		{A73526E3-A600-450E-83C5-79E58ECA86DF}.Release|Mixed Platforms.ActiveCfg = Release
		{A73526E3-A600-450E-83C5-79E58ECA86DF}.Release|x86.ActiveCfg = Release
		{A409C33A-6804-4E15-B9A0-64277E8231EA}.Debug|Any CPU.ActiveCfg = Debug|x86
		{A409C33A-6804-4E15-B9A0-64277E8231EA}.Debug|Mixed Platforms.ActiveCfg = Debug|x86
		{A409C33A-6804-4E15-B9A0-64277E8231EA}.Debug|Mixed Platforms.Build.0 = Debug|x86
		{A409C33A-6804-4E15-B9A0-64277E8231EA}.Debug|x86.ActiveCfg = Debug|x86
		{A409C33A-6804-4E15-B9A0-64277E8231EA}.Debug|x86.Build.0 = Debug|x86
		{A409C33A-6804-4E15-B9A0-64277E8231EA}.Release|Any CPU.ActiveCfg = Release|x86
		{A409C33A-6804-4E15-B9A0-64277E8231EA}.Release|Mixed Platforms.ActiveCfg = Release|x86
		{A409C33A-6804-4E15-B9A0-64277E8231EA}.Release|Mixed Platforms.Build.0 = Release|x86
		{A409C33A-6804-4E15-B9A0-64277E8231EA}.Release|x86.ActiveCfg = Release|x86
		{A409C33A-6804-4E15-B9A0-64277E8231EA}.Release|x86.Build.0 = Release|x86
	EndGlobalSection
	GlobalSection(SolutionProperties) = preSolution
		HideSolutionNode = FALSE
	EndGlobalSection
EndGlobal
